
Microsoft Visual Studio Solution File, Format Version 12.00
Project("{FAE04EC0-301F-11D3-BF4B-00C04F79EFBC}") = "MobileTerminal", "MobileTerminal\MobileTerminal.csproj", "{66E84837-7F9F-443C-9E7D-AD5490E34916}"
EndProject
Global
	GlobalSection(SolutionConfigurationPlatforms) = preSolution
		Debug|Any CPU = Debug|Any CPU
		Release|Any CPU = Release|Any CPU
	EndGlobalSection
	GlobalSection(ProjectConfigurationPlatforms) = postSolution
		{66E84837-7F9F-443C-9E7D-AD5490E34916}.Debug|Any CPU.ActiveCfg = Debug|Any CPU
		{66E84837-7F9F-443C-9E7D-AD5490E34916}.Debug|Any CPU.Build.0 = Debug|Any CPU
		{66E84837-7F9F-443C-9E7D-AD5490E34916}.Release|Any CPU.ActiveCfg = Release|Any CPU
		{66E84837-7F9F-443C-9E7D-AD5490E34916}.Release|Any CPU.Build.0 = Release|Any CPU
	EndGlobalSection
EndGlobal
